// !$*UTF8*$!
{
	archiveVersion = 1;
	classes = {
	};
	objectVersion = 50;
	objects = {

/* Begin PBXBuildFile section */
		26A1A5A2C2E4A2B4113BAA83 /* libPods-GHLinkTest.a in Frameworks */ = {isa = PBXBuildFile; fileRef = 87BC9C122F70174BC7F81F86 /* libPods-GHLinkTest.a */; };
		6A63E515C7A24EA5BCEBF1FD /* libPods-GHLinkTestTests.a in Frameworks */ = {isa = PBXBuildFile; fileRef = 647C9209BC4831F2266FF4AC /* libPods-GHLinkTestTests.a */; };
		D68AFB08224B394300EBBA08 /* AppDelegate.m in Sources */ = {isa = PBXBuildFile; fileRef = D68AFB07224B394300EBBA08 /* AppDelegate.m */; };
		D68AFB0B224B394300EBBA08 /* ViewController.m in Sources */ = {isa = PBXBuildFile; fileRef = D68AFB0A224B394300EBBA08 /* ViewController.m */; };
		D68AFB0E224B394300EBBA08 /* Main.storyboard in Resources */ = {isa = PBXBuildFile; fileRef = D68AFB0C224B394300EBBA08 /* Main.storyboard */; };
		D68AFB10224B394500EBBA08 /* Assets.xcassets in Resources */ = {isa = PBXBuildFile; fileRef = D68AFB0F224B394500EBBA08 /* Assets.xcassets */; };
		D68AFB13224B394500EBBA08 /* LaunchScreen.storyboard in Resources */ = {isa = PBXBuildFile; fileRef = D68AFB11224B394500EBBA08 /* LaunchScreen.storyboard */; };
		D68AFB16224B394500EBBA08 /* main.m in Sources */ = {isa = PBXBuildFile; fileRef = D68AFB15224B394500EBBA08 /* main.m */; };
		D68AFB20224B394500EBBA08 /* GHLinkTestTests.m in Sources */ = {isa = PBXBuildFile; fileRef = D68AFB1F224B394500EBBA08 /* GHLinkTestTests.m */; };
		D68AFB2B224B394500EBBA08 /* GHLinkTestUITests.m in Sources */ = {isa = PBXBuildFile; fileRef = D68AFB2A224B394500EBBA08 /* GHLinkTestUITests.m */; };
		D68AFB3A224B39D300EBBA08 /* CoreSpotlight.framework in Frameworks */ = {isa = PBXBuildFile; fileRef = D68AFB39224B39D300EBBA08 /* CoreSpotlight.framework */; settings = {ATTRIBUTES = (Weak, ); }; };
		D68AFB3C224B39DC00EBBA08 /* SystemConfiguration.framework in Frameworks */ = {isa = PBXBuildFile; fileRef = D68AFB3B224B39DC00EBBA08 /* SystemConfiguration.framework */; };
		D68AFB3E224B39E300EBBA08 /* Security.framework in Frameworks */ = {isa = PBXBuildFile; fileRef = D68AFB3D224B39E300EBBA08 /* Security.framework */; };
		D68AFB40224B39E900EBBA08 /* WebKit.framework in Frameworks */ = {isa = PBXBuildFile; fileRef = D68AFB3F224B39E900EBBA08 /* WebKit.framework */; };
		D68AFB42224B39EF00EBBA08 /* StoreKit.framework in Frameworks */ = {isa = PBXBuildFile; fileRef = D68AFB41224B39EF00EBBA08 /* StoreKit.framework */; };
		DED1A69F7603E99006CA70BD /* libPods-GHLinkTestUITests.a in Frameworks */ = {isa = PBXBuildFile; fileRef = E4331FA353A438C1B8F0EC4E /* libPods-GHLinkTestUITests.a */; };
/* End PBXBuildFile section */

/* Begin PBXContainerItemProxy section */
		D68AFB1C224B394500EBBA08 /* PBXContainerItemProxy */ = {
			isa = PBXContainerItemProxy;
			containerPortal = D68AFAFB224B394300EBBA08 /* Project object */;
			proxyType = 1;
			remoteGlobalIDString = D68AFB02224B394300EBBA08;
			remoteInfo = GHLinkTest;
		};
		D68AFB27224B394500EBBA08 /* PBXContainerItemProxy */ = {
			isa = PBXContainerItemProxy;
			containerPortal = D68AFAFB224B394300EBBA08 /* Project object */;
			proxyType = 1;
			remoteGlobalIDString = D68AFB02224B394300EBBA08;
			remoteInfo = GHLinkTest;
		};
/* End PBXContainerItemProxy section */

/* Begin PBXFileReference section */
		06660098B3D9EE7B234D25ED /* Pods-GHLinkTestTests.release.xcconfig */ = {isa = PBXFileReference; includeInIndex = 1; lastKnownFileType = text.xcconfig; name = "Pods-GHLinkTestTests.release.xcconfig"; path = "Pods/Target Support Files/Pods-GHLinkTestTests/Pods-GHLinkTestTests.release.xcconfig"; sourceTree = "<group>"; };
		647C9209BC4831F2266FF4AC /* libPods-GHLinkTestTests.a */ = {isa = PBXFileReference; explicitFileType = archive.ar; includeInIndex = 0; path = "libPods-GHLinkTestTests.a"; sourceTree = BUILT_PRODUCTS_DIR; };
		756A78FA7BFE8F8538B33E70 /* Pods-GHLinkTest.release.xcconfig */ = {isa = PBXFileReference; includeInIndex = 1; lastKnownFileType = text.xcconfig; name = "Pods-GHLinkTest.release.xcconfig"; path = "Pods/Target Support Files/Pods-GHLinkTest/Pods-GHLinkTest.release.xcconfig"; sourceTree = "<group>"; };
		87BC9C122F70174BC7F81F86 /* libPods-GHLinkTest.a */ = {isa = PBXFileReference; explicitFileType = archive.ar; includeInIndex = 0; path = "libPods-GHLinkTest.a"; sourceTree = BUILT_PRODUCTS_DIR; };
		8B1CF16467C483B4DCF60162 /* Pods-GHLinkTest.debug.xcconfig */ = {isa = PBXFileReference; includeInIndex = 1; lastKnownFileType = text.xcconfig; name = "Pods-GHLinkTest.debug.xcconfig"; path = "Pods/Target Support Files/Pods-GHLinkTest/Pods-GHLinkTest.debug.xcconfig"; sourceTree = "<group>"; };
		B8A5C827420C77F4BA23D07C /* Pods-GHLinkTestTests.debug.xcconfig */ = {isa = PBXFileReference; includeInIndex = 1; lastKnownFileType = text.xcconfig; name = "Pods-GHLinkTestTests.debug.xcconfig"; path = "Pods/Target Support Files/Pods-GHLinkTestTests/Pods-GHLinkTestTests.debug.xcconfig"; sourceTree = "<group>"; };
		C31E90CC8AC54E2D8A0CD1B3 /* Pods-GHLinkTestUITests.release.xcconfig */ = {isa = PBXFileReference; includeInIndex = 1; lastKnownFileType = text.xcconfig; name = "Pods-GHLinkTestUITests.release.xcconfig"; path = "Pods/Target Support Files/Pods-GHLinkTestUITests/Pods-GHLinkTestUITests.release.xcconfig"; sourceTree = "<group>"; };
		D68AFB03224B394300EBBA08 /* GHLinkTest.app */ = {isa = PBXFileReference; explicitFileType = wrapper.application; includeInIndex = 0; path = GHLinkTest.app; sourceTree = BUILT_PRODUCTS_DIR; };
		D68AFB06224B394300EBBA08 /* AppDelegate.h */ = {isa = PBXFileReference; lastKnownFileType = sourcecode.c.h; path = AppDelegate.h; sourceTree = "<group>"; };
		D68AFB07224B394300EBBA08 /* AppDelegate.m */ = {isa = PBXFileReference; lastKnownFileType = sourcecode.c.objc; path = AppDelegate.m; sourceTree = "<group>"; };
		D68AFB09224B394300EBBA08 /* ViewController.h */ = {isa = PBXFileReference; lastKnownFileType = sourcecode.c.h; path = ViewController.h; sourceTree = "<group>"; };
		D68AFB0A224B394300EBBA08 /* ViewController.m */ = {isa = PBXFileReference; lastKnownFileType = sourcecode.c.objc; path = ViewController.m; sourceTree = "<group>"; };
		D68AFB0D224B394300EBBA08 /* Base */ = {isa = PBXFileReference; lastKnownFileType = file.storyboard; name = Base; path = Base.lproj/Main.storyboard; sourceTree = "<group>"; };
		D68AFB0F224B394500EBBA08 /* Assets.xcassets */ = {isa = PBXFileReference; lastKnownFileType = folder.assetcatalog; path = Assets.xcassets; sourceTree = "<group>"; };
		D68AFB12224B394500EBBA08 /* Base */ = {isa = PBXFileReference; lastKnownFileType = file.storyboard; name = Base; path = Base.lproj/LaunchScreen.storyboard; sourceTree = "<group>"; };
		D68AFB14224B394500EBBA08 /* Info.plist */ = {isa = PBXFileReference; lastKnownFileType = text.plist.xml; path = Info.plist; sourceTree = "<group>"; };
		D68AFB15224B394500EBBA08 /* main.m */ = {isa = PBXFileReference; lastKnownFileType = sourcecode.c.objc; path = main.m; sourceTree = "<group>"; };
		D68AFB1B224B394500EBBA08 /* GHLinkTestTests.xctest */ = {isa = PBXFileReference; explicitFileType = wrapper.cfbundle; includeInIndex = 0; path = GHLinkTestTests.xctest; sourceTree = BUILT_PRODUCTS_DIR; };
		D68AFB1F224B394500EBBA08 /* GHLinkTestTests.m */ = {isa = PBXFileReference; lastKnownFileType = sourcecode.c.objc; path = GHLinkTestTests.m; sourceTree = "<group>"; };
		D68AFB21224B394500EBBA08 /* Info.plist */ = {isa = PBXFileReference; lastKnownFileType = text.plist.xml; path = Info.plist; sourceTree = "<group>"; };
		D68AFB26224B394500EBBA08 /* GHLinkTestUITests.xctest */ = {isa = PBXFileReference; explicitFileType = wrapper.cfbundle; includeInIndex = 0; path = GHLinkTestUITests.xctest; sourceTree = BUILT_PRODUCTS_DIR; };
		D68AFB2A224B394500EBBA08 /* GHLinkTestUITests.m */ = {isa = PBXFileReference; lastKnownFileType = sourcecode.c.objc; path = GHLinkTestUITests.m; sourceTree = "<group>"; };
		D68AFB2C224B394500EBBA08 /* Info.plist */ = {isa = PBXFileReference; lastKnownFileType = text.plist.xml; path = Info.plist; sourceTree = "<group>"; };
		D68AFB38224B39C100EBBA08 /* GHLinkTest.entitlements */ = {isa = PBXFileReference; lastKnownFileType = text.plist.entitlements; path = GHLinkTest.entitlements; sourceTree = "<group>"; };
		D68AFB39224B39D300EBBA08 /* CoreSpotlight.framework */ = {isa = PBXFileReference; lastKnownFileType = wrapper.framework; name = CoreSpotlight.framework; path = System/Library/Frameworks/CoreSpotlight.framework; sourceTree = SDKROOT; };
		D68AFB3B224B39DC00EBBA08 /* SystemConfiguration.framework */ = {isa = PBXFileReference; lastKnownFileType = wrapper.framework; name = SystemConfiguration.framework; path = System/Library/Frameworks/SystemConfiguration.framework; sourceTree = SDKROOT; };
		D68AFB3D224B39E300EBBA08 /* Security.framework */ = {isa = PBXFileReference; lastKnownFileType = wrapper.framework; name = Security.framework; path = System/Library/Frameworks/Security.framework; sourceTree = SDKROOT; };
		D68AFB3F224B39E900EBBA08 /* WebKit.framework */ = {isa = PBXFileReference; lastKnownFileType = wrapper.framework; name = WebKit.framework; path = System/Library/Frameworks/WebKit.framework; sourceTree = SDKROOT; };
		D68AFB41224B39EF00EBBA08 /* StoreKit.framework */ = {isa = PBXFileReference; lastKnownFileType = wrapper.framework; name = StoreKit.framework; path = System/Library/Frameworks/StoreKit.framework; sourceTree = SDKROOT; };
		D68AFB43224B4F4A00EBBA08 /* libsqlite3.tbd */ = {isa = PBXFileReference; lastKnownFileType = "sourcecode.text-based-dylib-definition"; name = libsqlite3.tbd; path = usr/lib/libsqlite3.tbd; sourceTree = SDKROOT; };
		D68AFB45224B4F6C00EBBA08 /* libz.tbd */ = {isa = PBXFileReference; lastKnownFileType = "sourcecode.text-based-dylib-definition"; name = libz.tbd; path = usr/lib/libz.tbd; sourceTree = SDKROOT; };
		E4331FA353A438C1B8F0EC4E /* libPods-GHLinkTestUITests.a */ = {isa = PBXFileReference; explicitFileType = archive.ar; includeInIndex = 0; path = "libPods-GHLinkTestUITests.a"; sourceTree = BUILT_PRODUCTS_DIR; };
		E893DD507AF3951B2A443584 /* Pods-GHLinkTestUITests.debug.xcconfig */ = {isa = PBXFileReference; includeInIndex = 1; lastKnownFileType = text.xcconfig; name = "Pods-GHLinkTestUITests.debug.xcconfig"; path = "Pods/Target Support Files/Pods-GHLinkTestUITests/Pods-GHLinkTestUITests.debug.xcconfig"; sourceTree = "<group>"; };
/* End PBXFileReference section */

/* Begin PBXFrameworksBuildPhase section */
		D68AFB00224B394300EBBA08 /* Frameworks */ = {
			isa = PBXFrameworksBuildPhase;
			buildActionMask = 2147483647;
			files = (
				D68AFB42224B39EF00EBBA08 /* StoreKit.framework in Frameworks */,
				D68AFB40224B39E900EBBA08 /* WebKit.framework in Frameworks */,
				D68AFB3E224B39E300EBBA08 /* Security.framework in Frameworks */,
				D68AFB3C224B39DC00EBBA08 /* SystemConfiguration.framework in Frameworks */,
				D68AFB3A224B39D300EBBA08 /* CoreSpotlight.framework in Frameworks */,
				26A1A5A2C2E4A2B4113BAA83 /* libPods-GHLinkTest.a in Frameworks */,
			);
			runOnlyForDeploymentPostprocessing = 0;
		};
		D68AFB18224B394500EBBA08 /* Frameworks */ = {
			isa = PBXFrameworksBuildPhase;
			buildActionMask = 2147483647;
			files = (
				6A63E515C7A24EA5BCEBF1FD /* libPods-GHLinkTestTests.a in Frameworks */,
			);
			runOnlyForDeploymentPostprocessing = 0;
		};
		D68AFB23224B394500EBBA08 /* Frameworks */ = {
			isa = PBXFrameworksBuildPhase;
			buildActionMask = 2147483647;
			files = (
				DED1A69F7603E99006CA70BD /* libPods-GHLinkTestUITests.a in Frameworks */,
			);
			runOnlyForDeploymentPostprocessing = 0;
		};
/* End PBXFrameworksBuildPhase section */

/* Begin PBXGroup section */
		18CEC6D096D2EB03716077B7 /* Pods */ = {
			isa = PBXGroup;
			children = (
				8B1CF16467C483B4DCF60162 /* Pods-GHLinkTest.debug.xcconfig */,
				756A78FA7BFE8F8538B33E70 /* Pods-GHLinkTest.release.xcconfig */,
				B8A5C827420C77F4BA23D07C /* Pods-GHLinkTestTests.debug.xcconfig */,
				06660098B3D9EE7B234D25ED /* Pods-GHLinkTestTests.release.xcconfig */,
				E893DD507AF3951B2A443584 /* Pods-GHLinkTestUITests.debug.xcconfig */,
				C31E90CC8AC54E2D8A0CD1B3 /* Pods-GHLinkTestUITests.release.xcconfig */,
			);
			name = Pods;
			sourceTree = "<group>";
		};
		25069B44AC5805515EA7049B /* Frameworks */ = {
			isa = PBXGroup;
			children = (
				D68AFB45224B4F6C00EBBA08 /* libz.tbd */,
				D68AFB43224B4F4A00EBBA08 /* libsqlite3.tbd */,
				D68AFB41224B39EF00EBBA08 /* StoreKit.framework */,
				D68AFB3F224B39E900EBBA08 /* WebKit.framework */,
				D68AFB3D224B39E300EBBA08 /* Security.framework */,
				D68AFB3B224B39DC00EBBA08 /* SystemConfiguration.framework */,
				D68AFB39224B39D300EBBA08 /* CoreSpotlight.framework */,
				87BC9C122F70174BC7F81F86 /* libPods-GHLinkTest.a */,
				647C9209BC4831F2266FF4AC /* libPods-GHLinkTestTests.a */,
				E4331FA353A438C1B8F0EC4E /* libPods-GHLinkTestUITests.a */,
			);
			name = Frameworks;
			sourceTree = "<group>";
		};
		D68AFAFA224B394300EBBA08 = {
			isa = PBXGroup;
			children = (
				D68AFB05224B394300EBBA08 /* GHLinkTest */,
				D68AFB1E224B394500EBBA08 /* GHLinkTestTests */,
				D68AFB29224B394500EBBA08 /* GHLinkTestUITests */,
				D68AFB04224B394300EBBA08 /* Products */,
				18CEC6D096D2EB03716077B7 /* Pods */,
				25069B44AC5805515EA7049B /* Frameworks */,
			);
			sourceTree = "<group>";
		};
		D68AFB04224B394300EBBA08 /* Products */ = {
			isa = PBXGroup;
			children = (
				D68AFB03224B394300EBBA08 /* GHLinkTest.app */,
				D68AFB1B224B394500EBBA08 /* GHLinkTestTests.xctest */,
				D68AFB26224B394500EBBA08 /* GHLinkTestUITests.xctest */,
			);
			name = Products;
			sourceTree = "<group>";
		};
		D68AFB05224B394300EBBA08 /* GHLinkTest */ = {
			isa = PBXGroup;
			children = (
				D68AFB38224B39C100EBBA08 /* GHLinkTest.entitlements */,
				D68AFB06224B394300EBBA08 /* AppDelegate.h */,
				D68AFB07224B394300EBBA08 /* AppDelegate.m */,
				D68AFB09224B394300EBBA08 /* ViewController.h */,
				D68AFB0A224B394300EBBA08 /* ViewController.m */,
				D68AFB0C224B394300EBBA08 /* Main.storyboard */,
				D68AFB0F224B394500EBBA08 /* Assets.xcassets */,
				D68AFB11224B394500EBBA08 /* LaunchScreen.storyboard */,
				D68AFB14224B394500EBBA08 /* Info.plist */,
				D68AFB15224B394500EBBA08 /* main.m */,
			);
			path = GHLinkTest;
			sourceTree = "<group>";
		};
		D68AFB1E224B394500EBBA08 /* GHLinkTestTests */ = {
			isa = PBXGroup;
			children = (
				D68AFB1F224B394500EBBA08 /* GHLinkTestTests.m */,
				D68AFB21224B394500EBBA08 /* Info.plist */,
			);
			path = GHLinkTestTests;
			sourceTree = "<group>";
		};
		D68AFB29224B394500EBBA08 /* GHLinkTestUITests */ = {
			isa = PBXGroup;
			children = (
				D68AFB2A224B394500EBBA08 /* GHLinkTestUITests.m */,
				D68AFB2C224B394500EBBA08 /* Info.plist */,
			);
			path = GHLinkTestUITests;
			sourceTree = "<group>";
		};
/* End PBXGroup section */

/* Begin PBXNativeTarget section */
		D68AFB02224B394300EBBA08 /* GHLinkTest */ = {
			isa = PBXNativeTarget;
			buildConfigurationList = D68AFB2F224B394500EBBA08 /* Build configuration list for PBXNativeTarget "GHLinkTest" */;
			buildPhases = (
				0986B75DE9BAE7B5CDACFE6F /* [CP] Check Pods Manifest.lock */,
				D68AFAFF224B394300EBBA08 /* Sources */,
				D68AFB00224B394300EBBA08 /* Frameworks */,
				D68AFB01224B394300EBBA08 /* Resources */,
			);
			buildRules = (
			);
			dependencies = (
			);
			name = GHLinkTest;
			productName = GHLinkTest;
			productReference = D68AFB03224B394300EBBA08 /* GHLinkTest.app */;
			productType = "com.apple.product-type.application";
		};
		D68AFB1A224B394500EBBA08 /* GHLinkTestTests */ = {
			isa = PBXNativeTarget;
			buildConfigurationList = D68AFB32224B394500EBBA08 /* Build configuration list for PBXNativeTarget "GHLinkTestTests" */;
			buildPhases = (
				37CD239921F414A78FF053DE /* [CP] Check Pods Manifest.lock */,
				D68AFB17224B394500EBBA08 /* Sources */,
				D68AFB18224B394500EBBA08 /* Frameworks */,
				D68AFB19224B394500EBBA08 /* Resources */,
			);
			buildRules = (
			);
			dependencies = (
				D68AFB1D224B394500EBBA08 /* PBXTargetDependency */,
			);
			name = GHLinkTestTests;
			productName = GHLinkTestTests;
			productReference = D68AFB1B224B394500EBBA08 /* GHLinkTestTests.xctest */;
			productType = "com.apple.product-type.bundle.unit-test";
		};
		D68AFB25224B394500EBBA08 /* GHLinkTestUITests */ = {
			isa = PBXNativeTarget;
			buildConfigurationList = D68AFB35224B394500EBBA08 /* Build configuration list for PBXNativeTarget "GHLinkTestUITests" */;
			buildPhases = (
				F99D600CA8FDF82B7571E295 /* [CP] Check Pods Manifest.lock */,
				D68AFB22224B394500EBBA08 /* Sources */,
				D68AFB23224B394500EBBA08 /* Frameworks */,
				D68AFB24224B394500EBBA08 /* Resources */,
			);
			buildRules = (
			);
			dependencies = (
				D68AFB28224B394500EBBA08 /* PBXTargetDependency */,
			);
			name = GHLinkTestUITests;
			productName = GHLinkTestUITests;
			productReference = D68AFB26224B394500EBBA08 /* GHLinkTestUITests.xctest */;
			productType = "com.apple.product-type.bundle.ui-testing";
		};
/* End PBXNativeTarget section */

/* Begin PBXProject section */
		D68AFAFB224B394300EBBA08 /* Project object */ = {
			isa = PBXProject;
			attributes = {
				LastUpgradeCheck = 1010;
				ORGANIZATIONNAME = GHome;
				TargetAttributes = {
					D68AFB02224B394300EBBA08 = {
						CreatedOnToolsVersion = 10.1;
						SystemCapabilities = {
							com.apple.SafariKeychain = {
								enabled = 1;
							};
						};
					};
					D68AFB1A224B394500EBBA08 = {
						CreatedOnToolsVersion = 10.1;
						TestTargetID = D68AFB02224B394300EBBA08;
					};
					D68AFB25224B394500EBBA08 = {
						CreatedOnToolsVersion = 10.1;
						TestTargetID = D68AFB02224B394300EBBA08;
					};
				};
			};
			buildConfigurationList = D68AFAFE224B394300EBBA08 /* Build configuration list for PBXProject "GHLinkTest" */;
			compatibilityVersion = "Xcode 9.3";
			developmentRegion = en;
			hasScannedForEncodings = 0;
			knownRegions = (
				en,
				Base,
			);
			mainGroup = D68AFAFA224B394300EBBA08;
			productRefGroup = D68AFB04224B394300EBBA08 /* Products */;
			projectDirPath = "";
			projectRoot = "";
			targets = (
				D68AFB02224B394300EBBA08 /* GHLinkTest */,
				D68AFB1A224B394500EBBA08 /* GHLinkTestTests */,
				D68AFB25224B394500EBBA08 /* GHLinkTestUITests */,
			);
		};
/* End PBXProject section */

/* Begin PBXResourcesBuildPhase section */
		D68AFB01224B394300EBBA08 /* Resources */ = {
			isa = PBXResourcesBuildPhase;
			buildActionMask = 2147483647;
			files = (
				D68AFB13224B394500EBBA08 /* LaunchScreen.storyboard in Resources */,
				D68AFB10224B394500EBBA08 /* Assets.xcassets in Resources */,
				D68AFB0E224B394300EBBA08 /* Main.storyboard in Resources */,
			);
			runOnlyForDeploymentPostprocessing = 0;
		};
		D68AFB19224B394500EBBA08 /* Resources */ = {
			isa = PBXResourcesBuildPhase;
			buildActionMask = 2147483647;
			files = (
			);
			runOnlyForDeploymentPostprocessing = 0;
		};
		D68AFB24224B394500EBBA08 /* Resources */ = {
			isa = PBXResourcesBuildPhase;
			buildActionMask = 2147483647;
			files = (
			);
			runOnlyForDeploymentPostprocessing = 0;
		};
/* End PBXResourcesBuildPhase section */

/* Begin PBXShellScriptBuildPhase section */
		0986B75DE9BAE7B5CDACFE6F /* [CP] Check Pods Manifest.lock */ = {
			isa = PBXShellScriptBuildPhase;
			buildActionMask = 2147483647;
			files = (
			);
			inputFileListPaths = (
			);
			inputPaths = (
				"${PODS_PODFILE_DIR_PATH}/Podfile.lock",
				"${PODS_ROOT}/Manifest.lock",
			);
			name = "[CP] Check Pods Manifest.lock";
			outputFileListPaths = (
			);
			outputPaths = (
				"$(DERIVED_FILE_DIR)/Pods-GHLinkTest-checkManifestLockResult.txt",
			);
			runOnlyForDeploymentPostprocessing = 0;
			shellPath = /bin/sh;
			shellScript = "diff \"${PODS_PODFILE_DIR_PATH}/Podfile.lock\" \"${PODS_ROOT}/Manifest.lock\" > /dev/null\nif [ $? != 0 ] ; then\n    # print error to STDERR\n    echo \"error: The sandbox is not in sync with the Podfile.lock. Run 'pod install' or update your CocoaPods installation.\" >&2\n    exit 1\nfi\n# This output is used by Xcode 'outputs' to avoid re-running this script phase.\necho \"SUCCESS\" > \"${SCRIPT_OUTPUT_FILE_0}\"\n";
			showEnvVarsInLog = 0;
		};
		37CD239921F414A78FF053DE /* [CP] Check Pods Manifest.lock */ = {
			isa = PBXShellScriptBuildPhase;
			buildActionMask = 2147483647;
			files = (
			);
			inputFileListPaths = (
			);
			inputPaths = (
				"${PODS_PODFILE_DIR_PATH}/Podfile.lock",
				"${PODS_ROOT}/Manifest.lock",
			);
			name = "[CP] Check Pods Manifest.lock";
			outputFileListPaths = (
			);
			outputPaths = (
				"$(DERIVED_FILE_DIR)/Pods-GHLinkTestTests-checkManifestLockResult.txt",
			);
			runOnlyForDeploymentPostprocessing = 0;
			shellPath = /bin/sh;
			shellScript = "diff \"${PODS_PODFILE_DIR_PATH}/Podfile.lock\" \"${PODS_ROOT}/Manifest.lock\" > /dev/null\nif [ $? != 0 ] ; then\n    # print error to STDERR\n    echo \"error: The sandbox is not in sync with the Podfile.lock. Run 'pod install' or update your CocoaPods installation.\" >&2\n    exit 1\nfi\n# This output is used by Xcode 'outputs' to avoid re-running this script phase.\necho \"SUCCESS\" > \"${SCRIPT_OUTPUT_FILE_0}\"\n";
			showEnvVarsInLog = 0;
		};
		F99D600CA8FDF82B7571E295 /* [CP] Check Pods Manifest.lock */ = {
			isa = PBXShellScriptBuildPhase;
			buildActionMask = 2147483647;
			files = (
			);
			inputFileListPaths = (
			);
			inputPaths = (
				"${PODS_PODFILE_DIR_PATH}/Podfile.lock",
				"${PODS_ROOT}/Manifest.lock",
			);
			name = "[CP] Check Pods Manifest.lock";
			outputFileListPaths = (
			);
			outputPaths = (
				"$(DERIVED_FILE_DIR)/Pods-GHLinkTestUITests-checkManifestLockResult.txt",
			);
			runOnlyForDeploymentPostprocessing = 0;
			shellPath = /bin/sh;
			shellScript = "diff \"${PODS_PODFILE_DIR_PATH}/Podfile.lock\" \"${PODS_ROOT}/Manifest.lock\" > /dev/null\nif [ $? != 0 ] ; then\n    # print error to STDERR\n    echo \"error: The sandbox is not in sync with the Podfile.lock. Run 'pod install' or update your CocoaPods installation.\" >&2\n    exit 1\nfi\n# This output is used by Xcode 'outputs' to avoid re-running this script phase.\necho \"SUCCESS\" > \"${SCRIPT_OUTPUT_FILE_0}\"\n";
			showEnvVarsInLog = 0;
		};
/* End PBXShellScriptBuildPhase section */

/* Begin PBXSourcesBuildPhase section */
		D68AFAFF224B394300EBBA08 /* Sources */ = {
			isa = PBXSourcesBuildPhase;
			buildActionMask = 2147483647;
			files = (
				D68AFB0B224B394300EBBA08 /* ViewController.m in Sources */,
				D68AFB16224B394500EBBA08 /* main.m in Sources */,
				D68AFB08224B394300EBBA08 /* AppDelegate.m in Sources */,
			);
			runOnlyForDeploymentPostprocessing = 0;
		};
		D68AFB17224B394500EBBA08 /* Sources */ = {
			isa = PBXSourcesBuildPhase;
			buildActionMask = 2147483647;
			files = (
				D68AFB20224B394500EBBA08 /* GHLinkTestTests.m in Sources */,
			);
			runOnlyForDeploymentPostprocessing = 0;
		};
		D68AFB22224B394500EBBA08 /* Sources */ = {
			isa = PBXSourcesBuildPhase;
			buildActionMask = 2147483647;
			files = (
				D68AFB2B224B394500EBBA08 /* GHLinkTestUITests.m in Sources */,
			);
			runOnlyForDeploymentPostprocessing = 0;
		};
/* End PBXSourcesBuildPhase section */

/* Begin PBXTargetDependency section */
		D68AFB1D224B394500EBBA08 /* PBXTargetDependency */ = {
			isa = PBXTargetDependency;
			target = D68AFB02224B394300EBBA08 /* GHLinkTest */;
			targetProxy = D68AFB1C224B394500EBBA08 /* PBXContainerItemProxy */;
		};
		D68AFB28224B394500EBBA08 /* PBXTargetDependency */ = {
			isa = PBXTargetDependency;
			target = D68AFB02224B394300EBBA08 /* GHLinkTest */;
			targetProxy = D68AFB27224B394500EBBA08 /* PBXContainerItemProxy */;
		};
/* End PBXTargetDependency section */

/* Begin PBXVariantGroup section */
		D68AFB0C224B394300EBBA08 /* Main.storyboard */ = {
			isa = PBXVariantGroup;
			children = (
				D68AFB0D224B394300EBBA08 /* Base */,
			);
			name = Main.storyboard;
			sourceTree = "<group>";
		};
		D68AFB11224B394500EBBA08 /* LaunchScreen.storyboard */ = {
			isa = PBXVariantGroup;
			children = (
				D68AFB12224B394500EBBA08 /* Base */,
			);
			name = LaunchScreen.storyboard;
			sourceTree = "<group>";
		};
/* End PBXVariantGroup section */

/* Begin XCBuildConfiguration section */
		D68AFB2D224B394500EBBA08 /* Debug */ = {
			isa = XCBuildConfiguration;
			buildSettings = {
				ALWAYS_SEARCH_USER_PATHS = NO;
				CLANG_ANALYZER_NONNULL = YES;
				CLANG_ANALYZER_NUMBER_OBJECT_CONVERSION = YES_AGGRESSIVE;
				CLANG_CXX_LANGUAGE_STANDARD = "gnu++14";
				CLANG_CXX_LIBRARY = "libc++";
				CLANG_ENABLE_MODULES = YES;
				CLANG_ENABLE_OBJC_ARC = YES;
				CLANG_ENABLE_OBJC_WEAK = YES;
				CLANG_WARN_BLOCK_CAPTURE_AUTORELEASING = YES;
				CLANG_WARN_BOOL_CONVERSION = YES;
				CLANG_WARN_COMMA = YES;
				CLANG_WARN_CONSTANT_CONVERSION = YES;
				CLANG_WARN_DEPRECATED_OBJC_IMPLEMENTATIONS = YES;
				CLANG_WARN_DIRECT_OBJC_ISA_USAGE = YES_ERROR;
				CLANG_WARN_DOCUMENTATION_COMMENTS = YES;
				CLANG_WARN_EMPTY_BODY = YES;
				CLANG_WARN_ENUM_CONVERSION = YES;
				CLANG_WARN_INFINITE_RECURSION = YES;
				CLANG_WARN_INT_CONVERSION = YES;
				CLANG_WARN_NON_LITERAL_NULL_CONVERSION = YES;
				CLANG_WARN_OBJC_IMPLICIT_RETAIN_SELF = YES;
				CLANG_WARN_OBJC_LITERAL_CONVERSION = YES;
				CLANG_WARN_OBJC_ROOT_CLASS = YES_ERROR;
				CLANG_WARN_RANGE_LOOP_ANALYSIS = YES;
				CLANG_WARN_STRICT_PROTOTYPES = YES;
				CLANG_WARN_SUSPICIOUS_MOVE = YES;
				CLANG_WARN_UNGUARDED_AVAILABILITY = YES_AGGRESSIVE;
				CLANG_WARN_UNREACHABLE_CODE = YES;
				CLANG_WARN__DUPLICATE_METHOD_MATCH = YES;
				CODE_SIGN_IDENTITY = "iPhone Developer";
				COPY_PHASE_STRIP = NO;
				DEBUG_INFORMATION_FORMAT = dwarf;
				ENABLE_STRICT_OBJC_MSGSEND = YES;
				ENABLE_TESTABILITY = YES;
				GCC_C_LANGUAGE_STANDARD = gnu11;
				GCC_DYNAMIC_NO_PIC = NO;
				GCC_NO_COMMON_BLOCKS = YES;
				GCC_OPTIMIZATION_LEVEL = 0;
				GCC_PREPROCESSOR_DEFINITIONS = (
					"DEBUG=1",
					"$(inherited)",
				);
				GCC_WARN_64_TO_32_BIT_CONVERSION = YES;
				GCC_WARN_ABOUT_RETURN_TYPE = YES_ERROR;
				GCC_WARN_UNDECLARED_SELECTOR = YES;
				GCC_WARN_UNINITIALIZED_AUTOS = YES_AGGRESSIVE;
				GCC_WARN_UNUSED_FUNCTION = YES;
				GCC_WARN_UNUSED_VARIABLE = YES;
				IPHONEOS_DEPLOYMENT_TARGET = 12.1;
				MTL_ENABLE_DEBUG_INFO = INCLUDE_SOURCE;
				MTL_FAST_MATH = YES;
				ONLY_ACTIVE_ARCH = YES;
				SDKROOT = iphoneos;
			};
			name = Debug;
		};
		D68AFB2E224B394500EBBA08 /* Release */ = {
			isa = XCBuildConfiguration;
			buildSettings = {
				ALWAYS_SEARCH_USER_PATHS = NO;
				CLANG_ANALYZER_NONNULL = YES;
				CLANG_ANALYZER_NUMBER_OBJECT_CONVERSION = YES_AGGRESSIVE;
				CLANG_CXX_LANGUAGE_STANDARD = "gnu++14";
				CLANG_CXX_LIBRARY = "libc++";
				CLANG_ENABLE_MODULES = YES;
				CLANG_ENABLE_OBJC_ARC = YES;
				CLANG_ENABLE_OBJC_WEAK = YES;
				CLANG_WARN_BLOCK_CAPTURE_AUTORELEASING = YES;
				CLANG_WARN_BOOL_CONVERSION = YES;
				CLANG_WARN_COMMA = YES;
				CLANG_WARN_CONSTANT_CONVERSION = YES;
				CLANG_WARN_DEPRECATED_OBJC_IMPLEMENTATIONS = YES;
				CLANG_WARN_DIRECT_OBJC_ISA_USAGE = YES_ERROR;
				CLANG_WARN_DOCUMENTATION_COMMENTS = YES;
				CLANG_WARN_EMPTY_BODY = YES;
				CLANG_WARN_ENUM_CONVERSION = YES;
				CLANG_WARN_INFINITE_RECURSION = YES;
				CLANG_WARN_INT_CONVERSION = YES;
				CLANG_WARN_NON_LITERAL_NULL_CONVERSION = YES;
				CLANG_WARN_OBJC_IMPLICIT_RETAIN_SELF = YES;
				CLANG_WARN_OBJC_LITERAL_CONVERSION = YES;
				CLANG_WARN_OBJC_ROOT_CLASS = YES_ERROR;
				CLANG_WARN_RANGE_LOOP_ANALYSIS = YES;
				CLANG_WARN_STRICT_PROTOTYPES = YES;
				CLANG_WARN_SUSPICIOUS_MOVE = YES;
				CLANG_WARN_UNGUARDED_AVAILABILITY = YES_AGGRESSIVE;
				CLANG_WARN_UNREACHABLE_CODE = YES;
				CLANG_WARN__DUPLICATE_METHOD_MATCH = YES;
				CODE_SIGN_IDENTITY = "iPhone Developer";
				COPY_PHASE_STRIP = NO;
				DEBUG_INFORMATION_FORMAT = "dwarf-with-dsym";
				ENABLE_NS_ASSERTIONS = NO;
				ENABLE_STRICT_OBJC_MSGSEND = YES;
				GCC_C_LANGUAGE_STANDARD = gnu11;
				GCC_NO_COMMON_BLOCKS = YES;
				GCC_WARN_64_TO_32_BIT_CONVERSION = YES;
				GCC_WARN_ABOUT_RETURN_TYPE = YES_ERROR;
				GCC_WARN_UNDECLARED_SELECTOR = YES;
				GCC_WARN_UNINITIALIZED_AUTOS = YES_AGGRESSIVE;
				GCC_WARN_UNUSED_FUNCTION = YES;
				GCC_WARN_UNUSED_VARIABLE = YES;
				IPHONEOS_DEPLOYMENT_TARGET = 12.1;
				MTL_ENABLE_DEBUG_INFO = NO;
				MTL_FAST_MATH = YES;
				SDKROOT = iphoneos;
				VALIDATE_PRODUCT = YES;
			};
			name = Release;
		};
		D68AFB30224B394500EBBA08 /* Debug */ = {
			isa = XCBuildConfiguration;
			baseConfigurationReference = 8B1CF16467C483B4DCF60162 /* Pods-GHLinkTest.debug.xcconfig */;
			buildSettings = {
				ASSETCATALOG_COMPILER_APPICON_NAME = AppIcon;
				CODE_SIGN_ENTITLEMENTS = GHLinkTest/GHLinkTest.entitlements;
				CODE_SIGN_STYLE = Automatic;
				DEVELOPMENT_TEAM = KZ9JB9ZT4S;
				INFOPLIST_FILE = GHLinkTest/Info.plist;
				IPHONEOS_DEPLOYMENT_TARGET = 8.4;
				LD_RUNPATH_SEARCH_PATHS = (
					"$(inherited)",
					"@executable_path/Frameworks",
				);
				PRODUCT_BUNDLE_IDENTIFIER = com.GHome.GHLinkTest;
				PRODUCT_NAME = "$(TARGET_NAME)";
				TARGETED_DEVICE_FAMILY = "1,2";
			};
			name = Debug;
		};
		D68AFB31224B394500EBBA08 /* Release */ = {
			isa = XCBuildConfiguration;
			baseConfigurationReference = 756A78FA7BFE8F8538B33E70 /* Pods-GHLinkTest.release.xcconfig */;
			buildSettings = {
				ASSETCATALOG_COMPILER_APPICON_NAME = AppIcon;
				CODE_SIGN_ENTITLEMENTS = GHLinkTest/GHLinkTest.entitlements;
				CODE_SIGN_STYLE = Automatic;
				DEVELOPMENT_TEAM = KZ9JB9ZT4S;
				INFOPLIST_FILE = GHLinkTest/Info.plist;
				IPHONEOS_DEPLOYMENT_TARGET = 8.4;
				LD_RUNPATH_SEARCH_PATHS = (
					"$(inherited)",
					"@executable_path/Frameworks",
				);
				PRODUCT_BUNDLE_IDENTIFIER = com.GHome.GHLinkTest;
				PRODUCT_NAME = "$(TARGET_NAME)";
				TARGETED_DEVICE_FAMILY = "1,2";
			};
			name = Release;
		};
		D68AFB33224B394500EBBA08 /* Debug */ = {
			isa = XCBuildConfiguration;
			baseConfigurationReference = B8A5C827420C77F4BA23D07C /* Pods-GHLinkTestTests.debug.xcconfig */;
			buildSettings = {
				BUNDLE_LOADER = "$(TEST_HOST)";
				CODE_SIGN_STYLE = Automatic;
				INFOPLIST_FILE = GHLinkTestTests/Info.plist;
				LD_RUNPATH_SEARCH_PATHS = (
					"$(inherited)",
					"@executable_path/Frameworks",
					"@loader_path/Frameworks",
				);
				PRODUCT_BUNDLE_IDENTIFIER = GHome.GHLinkTestTests;
				PRODUCT_NAME = "$(TARGET_NAME)";
				TARGETED_DEVICE_FAMILY = "1,2";
				TEST_HOST = "$(BUILT_PRODUCTS_DIR)/GHLinkTest.app/GHLinkTest";
			};
			name = Debug;
		};
		D68AFB34224B394500EBBA08 /* Release */ = {
			isa = XCBuildConfiguration;
			baseConfigurationReference = 06660098B3D9EE7B234D25ED /* Pods-GHLinkTestTests.release.xcconfig */;
			buildSettings = {
				BUNDLE_LOADER = "$(TEST_HOST)";
				CODE_SIGN_STYLE = Automatic;
				INFOPLIST_FILE = GHLinkTestTests/Info.plist;
				LD_RUNPATH_SEARCH_PATHS = (
					"$(inherited)",
					"@executable_path/Frameworks",
					"@loader_path/Frameworks",
				);
				PRODUCT_BUNDLE_IDENTIFIER = GHome.GHLinkTestTests;
				PRODUCT_NAME = "$(TARGET_NAME)";
				TARGETED_DEVICE_FAMILY = "1,2";
				TEST_HOST = "$(BUILT_PRODUCTS_DIR)/GHLinkTest.app/GHLinkTest";
			};
			name = Release;
		};
		D68AFB36224B394500EBBA08 /* Debug */ = {
			isa = XCBuildConfiguration;
			baseConfigurationReference = E893DD507AF3951B2A443584 /* Pods-GHLinkTestUITests.debug.xcconfig */;
			buildSettings = {
				CODE_SIGN_STYLE = Automatic;
				INFOPLIST_FILE = GHLinkTestUITests/Info.plist;
				LD_RUNPATH_SEARCH_PATHS = (
					"$(inherited)",
					"@executable_path/Frameworks",
					"@loader_path/Frameworks",
				);
				PRODUCT_BUNDLE_IDENTIFIER = GHome.GHLinkTestUITests;
				PRODUCT_NAME = "$(TARGET_NAME)";
				TARGETED_DEVICE_FAMILY = "1,2";
				TEST_TARGET_NAME = GHLinkTest;
			};
			name = Debug;
		};
		D68AFB37224B394500EBBA08 /* Release */ = {
			isa = XCBuildConfiguration;
			baseConfigurationReference = C31E90CC8AC54E2D8A0CD1B3 /* Pods-GHLinkTestUITests.release.xcconfig */;
			buildSettings = {
				CODE_SIGN_STYLE = Automatic;
				INFOPLIST_FILE = GHLinkTestUITests/Info.plist;
				LD_RUNPATH_SEARCH_PATHS = (
					"$(inherited)",
					"@executable_path/Frameworks",
					"@loader_path/Frameworks",
				);
				PRODUCT_BUNDLE_IDENTIFIER = GHome.GHLinkTestUITests;
				PRODUCT_NAME = "$(TARGET_NAME)";
				TARGETED_DEVICE_FAMILY = "1,2";
				TEST_TARGET_NAME = GHLinkTest;
			};
			name = Release;
		};
/* End XCBuildConfiguration section */

/* Begin XCConfigurationList section */
		D68AFAFE224B394300EBBA08 /* Build configuration list for PBXProject "GHLinkTest" */ = {
			isa = XCConfigurationList;
			buildConfigurations = (
				D68AFB2D224B394500EBBA08 /* Debug */,
				D68AFB2E224B394500EBBA08 /* Release */,
			);
			defaultConfigurationIsVisible = 0;
			defaultConfigurationName = Release;
		};
		D68AFB2F224B394500EBBA08 /* Build configuration list for PBXNativeTarget "GHLinkTest" */ = {
			isa = XCConfigurationList;
			buildConfigurations = (
				D68AFB30224B394500EBBA08 /* Debug */,
				D68AFB31224B394500EBBA08 /* Release */,
			);
			defaultConfigurationIsVisible = 0;
			defaultConfigurationName = Release;
		};
		D68AFB32224B394500EBBA08 /* Build configuration list for PBXNativeTarget "GHLinkTestTests" */ = {
			isa = XCConfigurationList;
			buildConfigurations = (
				D68AFB33224B394500EBBA08 /* Debug */,
				D68AFB34224B394500EBBA08 /* Release */,
			);
			defaultConfigurationIsVisible = 0;
			defaultConfigurationName = Release;
		};
		D68AFB35224B394500EBBA08 /* Build configuration list for PBXNativeTarget "GHLinkTestUITests" */ = {
			isa = XCConfigurationList;
			buildConfigurations = (
				D68AFB36224B394500EBBA08 /* Debug */,
				D68AFB37224B394500EBBA08 /* Release */,
			);
			defaultConfigurationIsVisible = 0;
			defaultConfigurationName = Release;
		};
/* End XCConfigurationList section */
	};
	rootObject = D68AFAFB224B394300EBBA08 /* Project object */;
}
